// !$*UTF8*$!
{
	archiveVersion = 1;
	classes = {
	};
	objectVersion = 46;
	objects = {

/* Begin PBXBuildFile section */
		4D5856EF1D8973CB00E68575 /* InfoPostViewController.swift in Sources */ = {isa = PBXBuildFile; fileRef = 4D5856EE1D8973CB00E68575 /* InfoPostViewController.swift */; };
		4D7858191D891D8E0088A62A /* MapViewController.swift in Sources */ = {isa = PBXBuildFile; fileRef = 4D7858181D891D8E0088A62A /* MapViewController.swift */; };
		4D78581D1D8926170088A62A /* ListViewController.swift in Sources */ = {isa = PBXBuildFile; fileRef = 4D78581C1D8926170088A62A /* ListViewController.swift */; };
		4D8A86DA1D8821EF009CBB29 /* AppDelegate.swift in Sources */ = {isa = PBXBuildFile; fileRef = 4D8A86D91D8821EF009CBB29 /* AppDelegate.swift */; };
		4D8A86DC1D8821EF009CBB29 /* LoginViewController.swift in Sources */ = {isa = PBXBuildFile; fileRef = 4D8A86DB1D8821EF009CBB29 /* LoginViewController.swift */; };
		4D8A86DF1D8821EF009CBB29 /* Main.storyboard in Resources */ = {isa = PBXBuildFile; fileRef = 4D8A86DD1D8821EF009CBB29 /* Main.storyboard */; };
		4D8A86E11D8821EF009CBB29 /* Assets.xcassets in Resources */ = {isa = PBXBuildFile; fileRef = 4D8A86E01D8821EF009CBB29 /* Assets.xcassets */; };
		4D8A86E41D8821EF009CBB29 /* LaunchScreen.storyboard in Resources */ = {isa = PBXBuildFile; fileRef = 4D8A86E21D8821EF009CBB29 /* LaunchScreen.storyboard */; };
		4D8A86EC1D884D03009CBB29 /* CoolTextField.swift in Sources */ = {isa = PBXBuildFile; fileRef = 4D8A86EB1D884D03009CBB29 /* CoolTextField.swift */; };
		4DDADDB41D893ED100C190E3 /* UdacityConstants.swift in Sources */ = {isa = PBXBuildFile; fileRef = 4DDADDB31D893ED100C190E3 /* UdacityConstants.swift */; };
		4DDADDB61D893FCD00C190E3 /* UdacityClient.swift in Sources */ = {isa = PBXBuildFile; fileRef = 4DDADDB51D893FCD00C190E3 /* UdacityClient.swift */; };
		4DDADDB81D8945E500C190E3 /* UdacityConvenience.swift in Sources */ = {isa = PBXBuildFile; fileRef = 4DDADDB71D8945E500C190E3 /* UdacityConvenience.swift */; };
		4DDADDBB1D89485700C190E3 /* ParseClient.swift in Sources */ = {isa = PBXBuildFile; fileRef = 4DDADDBA1D89485700C190E3 /* ParseClient.swift */; };
		4DDADDBF1D894A1700C190E3 /* Student.swift in Sources */ = {isa = PBXBuildFile; fileRef = 4DDADDBE1D894A1700C190E3 /* Student.swift */; };
/* End PBXBuildFile section */

/* Begin PBXFileReference section */
		4D5856EE1D8973CB00E68575 /* InfoPostViewController.swift */ = {isa = PBXFileReference; fileEncoding = 4; lastKnownFileType = sourcecode.swift; path = InfoPostViewController.swift; sourceTree = "<group>"; };
		4D7858181D891D8E0088A62A /* MapViewController.swift */ = {isa = PBXFileReference; fileEncoding = 4; lastKnownFileType = sourcecode.swift; path = MapViewController.swift; sourceTree = "<group>"; };
		4D78581C1D8926170088A62A /* ListViewController.swift */ = {isa = PBXFileReference; fileEncoding = 4; lastKnownFileType = sourcecode.swift; path = ListViewController.swift; sourceTree = "<group>"; };
		4D8A86D61D8821EF009CBB29 /* Udacity Mapper.app */ = {isa = PBXFileReference; explicitFileType = wrapper.application; includeInIndex = 0; path = "Udacity Mapper.app"; sourceTree = BUILT_PRODUCTS_DIR; };
		4D8A86D91D8821EF009CBB29 /* AppDelegate.swift */ = {isa = PBXFileReference; lastKnownFileType = sourcecode.swift; path = AppDelegate.swift; sourceTree = "<group>"; };
		4D8A86DB1D8821EF009CBB29 /* LoginViewController.swift */ = {isa = PBXFileReference; lastKnownFileType = sourcecode.swift; path = LoginViewController.swift; sourceTree = "<group>"; };
		4D8A86DE1D8821EF009CBB29 /* Base */ = {isa = PBXFileReference; lastKnownFileType = file.storyboard; name = Base; path = Base.lproj/Main.storyboard; sourceTree = "<group>"; };
		4D8A86E01D8821EF009CBB29 /* Assets.xcassets */ = {isa = PBXFileReference; lastKnownFileType = folder.assetcatalog; path = Assets.xcassets; sourceTree = "<group>"; };
		4D8A86E31D8821EF009CBB29 /* Base */ = {isa = PBXFileReference; lastKnownFileType = file.storyboard; name = Base; path = Base.lproj/LaunchScreen.storyboard; sourceTree = "<group>"; };
		4D8A86E51D8821EF009CBB29 /* Info.plist */ = {isa = PBXFileReference; lastKnownFileType = text.plist.xml; path = Info.plist; sourceTree = "<group>"; };
		4D8A86EB1D884D03009CBB29 /* CoolTextField.swift */ = {isa = PBXFileReference; fileEncoding = 4; lastKnownFileType = sourcecode.swift; path = CoolTextField.swift; sourceTree = "<group>"; };
		4DDADDB31D893ED100C190E3 /* UdacityConstants.swift */ = {isa = PBXFileReference; fileEncoding = 4; lastKnownFileType = sourcecode.swift; path = UdacityConstants.swift; sourceTree = "<group>"; };
		4DDADDB51D893FCD00C190E3 /* UdacityClient.swift */ = {isa = PBXFileReference; fileEncoding = 4; lastKnownFileType = sourcecode.swift; path = UdacityClient.swift; sourceTree = "<group>"; };
		4DDADDB71D8945E500C190E3 /* UdacityConvenience.swift */ = {isa = PBXFileReference; fileEncoding = 4; lastKnownFileType = sourcecode.swift; path = UdacityConvenience.swift; sourceTree = "<group>"; };
		4DDADDBA1D89485700C190E3 /* ParseClient.swift */ = {isa = PBXFileReference; fileEncoding = 4; lastKnownFileType = sourcecode.swift; path = ParseClient.swift; sourceTree = "<group>"; };
		4DDADDBE1D894A1700C190E3 /* Student.swift */ = {isa = PBXFileReference; fileEncoding = 4; lastKnownFileType = sourcecode.swift; path = Student.swift; sourceTree = "<group>"; };
/* End PBXFileReference section */

/* Begin PBXFrameworksBuildPhase section */
		4D8A86D31D8821EF009CBB29 /* Frameworks */ = {
			isa = PBXFrameworksBuildPhase;
			buildActionMask = 2147483647;
			files = (
			);
			runOnlyForDeploymentPostprocessing = 0;
		};
/* End PBXFrameworksBuildPhase section */

/* Begin PBXGroup section */
		4D8A86CD1D8821EF009CBB29 = {
			isa = PBXGroup;
			children = (
				4D8A86D81D8821EF009CBB29 /* Udacity Mapper */,
			);
			sourceTree = "<group>";
		};
		4D8A86D71D8821EF009CBB29 /* Products */ = {
			isa = PBXGroup;
			children = (
				4D8A86D61D8821EF009CBB29 /* Udacity Mapper.app */,
			);
			name = Products;
			path = ..;
			sourceTree = "<group>";
		};
		4D8A86D81D8821EF009CBB29 /* Udacity Mapper */ = {
			isa = PBXGroup;
			children = (
				4D8A86D91D8821EF009CBB29 /* AppDelegate.swift */,
				4DDADDAE1D893A4200C190E3 /* Model */,
				4DDADDAC1D893A2000C190E3 /* Controller */,
				4DDADDB11D893A7000C190E3 /* Assets */,
				4DDADDAD1D893A3400C190E3 /* View */,
				4DDADDB21D893A9100C190E3 /* Supporting Files */,
				4D8A86D71D8821EF009CBB29 /* Products */,
			);
			path = "Udacity Mapper";
			sourceTree = "<group>";
		};
		4DDADDAC1D893A2000C190E3 /* Controller */ = {
			isa = PBXGroup;
			children = (
				4D8A86DB1D8821EF009CBB29 /* LoginViewController.swift */,
				4D7858181D891D8E0088A62A /* MapViewController.swift */,
				4D5856EE1D8973CB00E68575 /* InfoPostViewController.swift */,
				4D78581C1D8926170088A62A /* ListViewController.swift */,
			);
			name = Controller;
			sourceTree = "<group>";
		};
		4DDADDAD1D893A3400C190E3 /* View */ = {
			isa = PBXGroup;
			children = (
				4D8A86EB1D884D03009CBB29 /* CoolTextField.swift */,
			);
			name = View;
			sourceTree = "<group>";
		};
		4DDADDAE1D893A4200C190E3 /* Model */ = {
			isa = PBXGroup;
			children = (
				4DDADDAF1D893A4900C190E3 /* Clients */,
			);
			name = Model;
			sourceTree = "<group>";
		};
		4DDADDAF1D893A4900C190E3 /* Clients */ = {
			isa = PBXGroup;
			children = (
				4DDADDB91D89483B00C190E3 /* Parse */,
				4DDADDB01D893A5C00C190E3 /* Udacity */,
			);
			name = Clients;
			sourceTree = "<group>";
		};
		4DDADDB01D893A5C00C190E3 /* Udacity */ = {
			isa = PBXGroup;
			children = (
				4DDADDB31D893ED100C190E3 /* UdacityConstants.swift */,
				4DDADDB51D893FCD00C190E3 /* UdacityClient.swift */,
				4DDADDB71D8945E500C190E3 /* UdacityConvenience.swift */,
			);
			name = Udacity;
			sourceTree = "<group>";
		};
		4DDADDB11D893A7000C190E3 /* Assets */ = {
			isa = PBXGroup;
			children = (
				4D8A86DD1D8821EF009CBB29 /* Main.storyboard */,
				4D8A86E01D8821EF009CBB29 /* Assets.xcassets */,
				4D8A86E21D8821EF009CBB29 /* LaunchScreen.storyboard */,
			);
			name = Assets;
			sourceTree = "<group>";
		};
		4DDADDB21D893A9100C190E3 /* Supporting Files */ = {
			isa = PBXGroup;
			children = (
				4D8A86E51D8821EF009CBB29 /* Info.plist */,
			);
			name = "Supporting Files";
			sourceTree = "<group>";
		};
		4DDADDB91D89483B00C190E3 /* Parse */ = {
			isa = PBXGroup;
			children = (
				4DDADDBA1D89485700C190E3 /* ParseClient.swift */,
				4DDADDBE1D894A1700C190E3 /* Student.swift */,
			);
			name = Parse;
			sourceTree = "<group>";
		};
/* End PBXGroup section */

/* Begin PBXNativeTarget section */
		4D8A86D51D8821EF009CBB29 /* Udacity Mapper */ = {
			isa = PBXNativeTarget;
			buildConfigurationList = 4D8A86E81D8821EF009CBB29 /* Build configuration list for PBXNativeTarget "Udacity Mapper" */;
			buildPhases = (
				4D8A86D21D8821EF009CBB29 /* Sources */,
				4D8A86D31D8821EF009CBB29 /* Frameworks */,
				4D8A86D41D8821EF009CBB29 /* Resources */,
			);
			buildRules = (
			);
			dependencies = (
			);
			name = "Udacity Mapper";
			productName = "Udacity Mapper";
			productReference = 4D8A86D61D8821EF009CBB29 /* Udacity Mapper.app */;
			productType = "com.apple.product-type.application";
		};
/* End PBXNativeTarget section */

/* Begin PBXProject section */
		4D8A86CE1D8821EF009CBB29 /* Project object */ = {
			isa = PBXProject;
			attributes = {
				LastSwiftUpdateCheck = 0730;
				LastUpgradeCheck = 0730;
				ORGANIZATIONNAME = thePsguy;
				TargetAttributes = {
					4D8A86D51D8821EF009CBB29 = {
						CreatedOnToolsVersion = 7.3.1;
						DevelopmentTeam = V6JUB3D3PN;
					};
				};
			};
			buildConfigurationList = 4D8A86D11D8821EF009CBB29 /* Build configuration list for PBXProject "Udacity Mapper" */;
			compatibilityVersion = "Xcode 3.2";
			developmentRegion = English;
			hasScannedForEncodings = 0;
			knownRegions = (
				en,
				Base,
			);
			mainGroup = 4D8A86CD1D8821EF009CBB29;
			productRefGroup = 4D8A86D71D8821EF009CBB29 /* Products */;
			projectDirPath = "";
			projectRoot = "";
			targets = (
				4D8A86D51D8821EF009CBB29 /* Udacity Mapper */,
			);
		};
/* End PBXProject section */

/* Begin PBXResourcesBuildPhase section */
		4D8A86D41D8821EF009CBB29 /* Resources */ = {
			isa = PBXResourcesBuildPhase;
			buildActionMask = 2147483647;
			files = (
				4D8A86E41D8821EF009CBB29 /* LaunchScreen.storyboard in Resources */,
				4D8A86E11D8821EF009CBB29 /* Assets.xcassets in Resources */,
				4D8A86DF1D8821EF009CBB29 /* Main.storyboard in Resources */,
			);
			runOnlyForDeploymentPostprocessing = 0;
		};
/* End PBXResourcesBuildPhase section */

/* Begin PBXSourcesBuildPhase section */
		4D8A86D21D8821EF009CBB29 /* Sources */ = {
			isa = PBXSourcesBuildPhase;
			buildActionMask = 2147483647;
			files = (
				4DDADDBB1D89485700C190E3 /* ParseClient.swift in Sources */,
				4D8A86DC1D8821EF009CBB29 /* LoginViewController.swift in Sources */,
				4DDADDB41D893ED100C190E3 /* UdacityConstants.swift in Sources */,
				4DDADDBF1D894A1700C190E3 /* Student.swift in Sources */,
				4D8A86DA1D8821EF009CBB29 /* AppDelegate.swift in Sources */,
				4DDADDB81D8945E500C190E3 /* UdacityConvenience.swift in Sources */,
				4D7858191D891D8E0088A62A /* MapViewController.swift in Sources */,
				4D8A86EC1D884D03009CBB29 /* CoolTextField.swift in Sources */,
				4D5856EF1D8973CB00E68575 /* InfoPostViewController.swift in Sources */,
				4D78581D1D8926170088A62A /* ListViewController.swift in Sources */,
				4DDADDB61D893FCD00C190E3 /* UdacityClient.swift in Sources */,
			);
			runOnlyForDeploymentPostprocessing = 0;
		};
/* End PBXSourcesBuildPhase section */

/* Begin PBXVariantGroup section */
		4D8A86DD1D8821EF009CBB29 /* Main.storyboard */ = {
			isa = PBXVariantGroup;
			children = (
				4D8A86DE1D8821EF009CBB29 /* Base */,
			);
			name = Main.storyboard;
			sourceTree = "<group>";
		};
		4D8A86E21D8821EF009CBB29 /* LaunchScreen.storyboard */ = {
			isa = PBXVariantGroup;
			children = (
				4D8A86E31D8821EF009CBB29 /* Base */,
			);
			name = LaunchScreen.storyboard;
			sourceTree = "<group>";
		};
/* End PBXVariantGroup section */

/* Begin XCBuildConfiguration section */
		4D8A86E61D8821EF009CBB29 /* Debug */ = {
			isa = XCBuildConfiguration;
			buildSettings = {
				ALWAYS_SEARCH_USER_PATHS = NO;
				CLANG_ANALYZER_NONNULL = YES;
				CLANG_CXX_LANGUAGE_STANDARD = "gnu++0x";
				CLANG_CXX_LIBRARY = "libc++";
				CLANG_ENABLE_MODULES = YES;
				CLANG_ENABLE_OBJC_ARC = YES;
				CLANG_WARN_BOOL_CONVERSION = YES;
				CLANG_WARN_CONSTANT_CONVERSION = YES;
				CLANG_WARN_DIRECT_OBJC_ISA_USAGE = YES_ERROR;
				CLANG_WARN_EMPTY_BODY = YES;
				CLANG_WARN_ENUM_CONVERSION = YES;
				CLANG_WARN_INT_CONVERSION = YES;
				CLANG_WARN_OBJC_ROOT_CLASS = YES_ERROR;
				CLANG_WARN_UNREACHABLE_CODE = YES;
				CLANG_WARN__DUPLICATE_METHOD_MATCH = YES;
				"CODE_SIGN_IDENTITY[sdk=iphoneos*]" = "iPhone Developer";
				COPY_PHASE_STRIP = NO;
				DEBUG_INFORMATION_FORMAT = dwarf;
				ENABLE_STRICT_OBJC_MSGSEND = YES;
				ENABLE_TESTABILITY = YES;
				GCC_C_LANGUAGE_STANDARD = gnu99;
				GCC_DYNAMIC_NO_PIC = NO;
				GCC_NO_COMMON_BLOCKS = YES;
				GCC_OPTIMIZATION_LEVEL = 0;
				GCC_PREPROCESSOR_DEFINITIONS = (
					"DEBUG=1",
					"$(inherited)",
				);
				GCC_WARN_64_TO_32_BIT_CONVERSION = YES;
				GCC_WARN_ABOUT_RETURN_TYPE = YES_ERROR;
				GCC_WARN_UNDECLARED_SELECTOR = YES;
				GCC_WARN_UNINITIALIZED_AUTOS = YES_AGGRESSIVE;
				GCC_WARN_UNUSED_FUNCTION = YES;
				GCC_WARN_UNUSED_VARIABLE = YES;
				IPHONEOS_DEPLOYMENT_TARGET = 9.3;
				MTL_ENABLE_DEBUG_INFO = YES;
				ONLY_ACTIVE_ARCH = YES;
				SDKROOT = iphoneos;
				SWIFT_OPTIMIZATION_LEVEL = "-Onone";
			};
			name = Debug;
		};
		4D8A86E71D8821EF009CBB29 /* Release */ = {
			isa = XCBuildConfiguration;
			buildSettings = {
				ALWAYS_SEARCH_USER_PATHS = NO;
				CLANG_ANALYZER_NONNULL = YES;
				CLANG_CXX_LANGUAGE_STANDARD = "gnu++0x";
				CLANG_CXX_LIBRARY = "libc++";
				CLANG_ENABLE_MODULES = YES;
				CLANG_ENABLE_OBJC_ARC = YES;
				CLANG_WARN_BOOL_CONVERSION = YES;
				CLANG_WARN_CONSTANT_CONVERSION = YES;
				CLANG_WARN_DIRECT_OBJC_ISA_USAGE = YES_ERROR;
				CLANG_WARN_EMPTY_BODY = YES;
				CLANG_WARN_ENUM_CONVERSION = YES;
				CLANG_WARN_INT_CONVERSION = YES;
				CLANG_WARN_OBJC_ROOT_CLASS = YES_ERROR;
				CLANG_WARN_UNREACHABLE_CODE = YES;
				CLANG_WARN__DUPLICATE_METHOD_MATCH = YES;
				"CODE_SIGN_IDENTITY[sdk=iphoneos*]" = "iPhone Developer";
				COPY_PHASE_STRIP = NO;
				DEBUG_INFORMATION_FORMAT = "dwarf-with-dsym";
				ENABLE_NS_ASSERTIONS = NO;
				ENABLE_STRICT_OBJC_MSGSEND = YES;
				GCC_C_LANGUAGE_STANDARD = gnu99;
				GCC_NO_COMMON_BLOCKS = YES;
				GCC_WARN_64_TO_32_BIT_CONVERSION = YES;
				GCC_WARN_ABOUT_RETURN_TYPE = YES_ERROR;
				GCC_WARN_UNDECLARED_SELECTOR = YES;
				GCC_WARN_UNINITIALIZED_AUTOS = YES_AGGRESSIVE;
				GCC_WARN_UNUSED_FUNCTION = YES;
				GCC_WARN_UNUSED_VARIABLE = YES;
				IPHONEOS_DEPLOYMENT_TARGET = 9.3;
				MTL_ENABLE_DEBUG_INFO = NO;
				SDKROOT = iphoneos;
				VALIDATE_PRODUCT = YES;
			};
			name = Release;
		};
		4D8A86E91D8821EF009CBB29 /* Debug */ = {
			isa = XCBuildConfiguration;
			buildSettings = {
				ASSETCATALOG_COMPILER_APPICON_NAME = AppIcon;
				INFOPLIST_FILE = "Udacity Mapper/Info.plist";
				LD_RUNPATH_SEARCH_PATHS = "$(inherited) @executable_path/Frameworks";
				PRODUCT_BUNDLE_IDENTIFIER = "net.thePsguy.Udacity-Mapper";
				PRODUCT_NAME = "$(TARGET_NAME)";
			};
			name = Debug;
		};
		4D8A86EA1D8821EF009CBB29 /* Release */ = {
			isa = XCBuildConfiguration;
			buildSettings = {
				ASSETCATALOG_COMPILER_APPICON_NAME = AppIcon;
				INFOPLIST_FILE = "Udacity Mapper/Info.plist";
				LD_RUNPATH_SEARCH_PATHS = "$(inherited) @executable_path/Frameworks";
				PRODUCT_BUNDLE_IDENTIFIER = "net.thePsguy.Udacity-Mapper";
				PRODUCT_NAME = "$(TARGET_NAME)";
			};
			name = Release;
		};
/* End XCBuildConfiguration section */

/* Begin XCConfigurationList section */
		4D8A86D11D8821EF009CBB29 /* Build configuration list for PBXProject "Udacity Mapper" */ = {
			isa = XCConfigurationList;
			buildConfigurations = (
				4D8A86E61D8821EF009CBB29 /* Debug */,
				4D8A86E71D8821EF009CBB29 /* Release */,
			);
			defaultConfigurationIsVisible = 0;
			defaultConfigurationName = Release;
		};
		4D8A86E81D8821EF009CBB29 /* Build configuration list for PBXNativeTarget "Udacity Mapper" */ = {
			isa = XCConfigurationList;
			buildConfigurations = (
				4D8A86E91D8821EF009CBB29 /* Debug */,
				4D8A86EA1D8821EF009CBB29 /* Release */,
			);
			defaultConfigurationIsVisible = 0;
			defaultConfigurationName = Release;
		};
/* End XCConfigurationList section */
	};
	rootObject = 4D8A86CE1D8821EF009CBB29 /* Project object */;
}
